<?xml version="1.0" encoding="utf-8"?>
<Project ToolsVersion="4.0" xmlns="http://schemas.microsoft.com/developer/msbuild/2003">
  <ItemGroup>
    <Filter Include="Source Files">
      <UniqueIdentifier>{4FC737F1-C7A5-4376-A066-2A32D752A2FF}</UniqueIdentifier>
      <Extensions>cpp;c;cc;cxx;def;odl;idl;hpj;bat;asm;asmx</Extensions>
    </Filter>
    <Filter Include="Header Files">
      <UniqueIdentifier>{93995380-89BD-4b04-88EB-625FBE52EBFB}</UniqueIdentifier>
      <Extensions>h;hh;hpp;hxx;hm;inl;inc;ipp;xsd</Extensions>
    </Filter>
    <Filter Include="Resource Files">
      <UniqueIdentifier>{67DA6AB6-F800-4c08-8B7A-83BB121AAD01}</UniqueIdentifier>
      <Extensions>rc;ico;cur;bmp;dlg;rc2;rct;bin;rgs;gif;jpg;jpeg;jpe;resx;tiff;tif;png;wav;mfcribbon-ms</Extensions>
    </Filter>
    <Filter Include="Black Jack">
      <UniqueIdentifier>{6b2afe2c-4f53-4d67-a70d-d5f34f2fae81}</UniqueIdentifier>
    </Filter>
    <Filter Include="Black Jack\Header Files">
      <UniqueIdentifier>{b01db75a-25c8-4e74-af28-fb819cfd76b1}</UniqueIdentifier>
    </Filter>
    <Filter Include="Black Jack\Source Files">
      <UniqueIdentifier>{69f5f95a-4451-4536-b3fe-3f15b4545ba1}</UniqueIdentifier>
    </Filter>
    <Filter Include="Snake">
      <UniqueIdentifier>{9815a2da-6b34-4e7f-b134-6df8bd557f7d}</UniqueIdentifier>
    </Filter>
    <Filter Include="Snake\Header Files">
      <UniqueIdentifier>{1a008fcf-4f4d-4859-a207-c5887ed4ec6c}</UniqueIdentifier>
    </Filter>
    <Filter Include="Snake\Source Files">
      <UniqueIdentifier>{d7ed7ca6-c7fc-4b3a-96c6-ca261f1589ff}</UniqueIdentifier>
    </Filter>
    <Filter Include="Beer Run">
      <UniqueIdentifier>{90bc54ab-ac5a-48ee-b075-4d61ad856320}</UniqueIdentifier>
    </Filter>
    <Filter Include="Beer Run\Header FIles">
      <UniqueIdentifier>{71208b2b-3080-4d8c-b6c6-f7ee22e22307}</UniqueIdentifier>
    </Filter>
    <Filter Include="Beer Run\Source Files">
      <UniqueIdentifier>{fddf8dd3-fd31-4d5e-bf0a-a97627850800}</UniqueIdentifier>
    </Filter>
    <Filter Include="HangMan">
      <UniqueIdentifier>{fabaa921-5d97-4e1c-94f2-c9803bfbb5aa}</UniqueIdentifier>
    </Filter>
    <Filter Include="HangMan\Header Files">
      <UniqueIdentifier>{d23b0598-efc5-4421-8807-1dc31c0b8911}</UniqueIdentifier>
    </Filter>
    <Filter Include="HangMan\Source Files">
      <UniqueIdentifier>{88a9ea9d-4903-4be8-9700-9b532f33c81a}</UniqueIdentifier>
    </Filter>
    <Filter Include="Genetic Rats">
      <UniqueIdentifier>{6945a7e6-f039-4426-a820-1b74cf7ee1f4}</UniqueIdentifier>
    </Filter>
    <Filter Include="Genetic Rats\Header Files">
      <UniqueIdentifier>{3bb6fc62-cd7f-4527-a137-ccd2a4ab4b4f}</UniqueIdentifier>
    </Filter>
    <Filter Include="Genetic Rats\Source Files">
      <UniqueIdentifier>{6db3fc98-f264-4990-b30f-f1f14cc557e4}</UniqueIdentifier>
    </Filter>
    <Filter Include="Monty Hall">
      <UniqueIdentifier>{fdec96ae-63f9-4477-9d24-2f85e0dcf5c2}</UniqueIdentifier>
    </Filter>
    <Filter Include="Monty Hall\Header Files">
      <UniqueIdentifier>{6a435c97-b67a-401b-8f45-631a47435bdb}</UniqueIdentifier>
    </Filter>
    <Filter Include="Monty Hall\Source Files">
      <UniqueIdentifier>{d3c7a20c-3691-4f64-8bb5-ef7f990af5e8}</UniqueIdentifier>
    </Filter>
    <Filter Include="Crypto">
      <UniqueIdentifier>{584d3085-d58c-4ffe-8c8b-a56aa03bc187}</UniqueIdentifier>
    </Filter>
    <Filter Include="Crypto\Null Cipher">
      <UniqueIdentifier>{3a7de55a-bd41-4dd9-a1d0-380a9522feba}</UniqueIdentifier>
    </Filter>
    <Filter Include="Crypto\Null Cipher\Header Files">
      <UniqueIdentifier>{bf8cfbd0-f0ac-401e-b6f3-8a6605007756}</UniqueIdentifier>
    </Filter>
    <Filter Include="Crypto\Null Cipher\Source Files">
      <UniqueIdentifier>{90053d80-9fba-48af-96ff-57ee5cd92371}</UniqueIdentifier>
    </Filter>
    <Filter Include="Crypto\Substitution">
      <UniqueIdentifier>{971ebb3a-f337-425c-8697-5648a17d2f26}</UniqueIdentifier>
    </Filter>
    <Filter Include="Crypto\Substitution\Header Files">
      <UniqueIdentifier>{6aca9bcb-78cb-4331-85f4-0dc5e0618cd8}</UniqueIdentifier>
    </Filter>
    <Filter Include="Crypto\Substitution\Source Files">
      <UniqueIdentifier>{8d88ce68-71eb-480d-9f9d-73ca1c5175ec}</UniqueIdentifier>
    </Filter>
    <Filter Include="Crypto\RailFence">
      <UniqueIdentifier>{14af726e-fe09-417f-b89e-9f426cd6eace}</UniqueIdentifier>
    </Filter>
    <Filter Include="Crypto\RailFence\Header Files">
      <UniqueIdentifier>{64b20ab4-99cb-4673-a56f-759ac5fb73d9}</UniqueIdentifier>
    </Filter>
    <Filter Include="Crypto\RailFence\Source Files">
      <UniqueIdentifier>{2a9eb64a-1616-492b-8774-72ce105ee7c6}</UniqueIdentifier>
    </Filter>
    <Filter Include="Crypto\Header Files">
      <UniqueIdentifier>{27654eac-5310-4d9d-8946-a8a0c2722745}</UniqueIdentifier>
    </Filter>
    <Filter Include="Crypto\Source Files">
      <UniqueIdentifier>{3ece246c-ffed-4ec0-919e-3f4de6ecd4b0}</UniqueIdentifier>
    </Filter>
    <Filter Include="BoardGames">
      <UniqueIdentifier>{2484c608-98b0-4a72-832c-cc8fd12132c4}</UniqueIdentifier>
    </Filter>
    <Filter Include="BoardGames\HeaderFiles">
      <UniqueIdentifier>{80356543-0050-4c25-8152-13ec2aad0078}</UniqueIdentifier>
    </Filter>
    <Filter Include="BoardGames\SourceFiles">
      <UniqueIdentifier>{096a71b8-9200-426e-8b7e-7a0cb12f1a07}</UniqueIdentifier>
    </Filter>
    <Filter Include="Pong">
      <UniqueIdentifier>{3d81d572-f2b5-409c-83e3-8790fda9ee56}</UniqueIdentifier>
    </Filter>
    <Filter Include="Pong\Header Files">
      <UniqueIdentifier>{9b3eec50-3f2e-482e-b622-d2c5b6026296}</UniqueIdentifier>
    </Filter>
    <Filter Include="Pong\Source Files">
      <UniqueIdentifier>{ccf86c5a-679f-42d3-a904-8f038b7e9f19}</UniqueIdentifier>
    </Filter>
  </ItemGroup>
  <ItemGroup>
    <ClCompile Include="GuessTheNumber.cpp">
      <Filter>Source Files</Filter>
    </ClCompile>
    <ClCompile Include="Main.cpp">
      <Filter>Source Files</Filter>
    </ClCompile>
    <ClCompile Include="GameBase.cpp">
      <Filter>Source Files</Filter>
    </ClCompile>
    <ClCompile Include="BlackJack.cpp">
      <Filter>Black Jack\Source Files</Filter>
    </ClCompile>
    <ClCompile Include="Snake.cpp">
      <Filter>Snake\Source Files</Filter>
    </ClCompile>
    <ClCompile Include="BeerRun.cpp">
      <Filter>Beer Run\Source Files</Filter>
    </ClCompile>
    <ClCompile Include="HangMan.cpp">
      <Filter>HangMan\Source Files</Filter>
    </ClCompile>
    <ClCompile Include="Deck.cpp">
      <Filter>Black Jack\Source Files</Filter>
    </ClCompile>
    <ClCompile Include="Card.cpp">
      <Filter>Black Jack\Source Files</Filter>
    </ClCompile>
    <ClCompile Include="Psuedonym.cpp">
      <Filter>Source Files</Filter>
    </ClCompile>
    <ClCompile Include="Utilities.cpp">
      <Filter>Source Files</Filter>
    </ClCompile>
    <ClCompile Include="Palindromes.cpp">
      <Filter>Source Files</Filter>
    </ClCompile>
    <ClCompile Include="Anagrams.cpp">
      <Filter>Source Files</Filter>
    </ClCompile>
    <ClCompile Include="MonsterRats.cpp">
      <Filter>Genetic Rats\Source Files</Filter>
    </ClCompile>
    <ClCompile Include="MontyHall.cpp">
      <Filter>Monty Hall\Source Files</Filter>
    </ClCompile>
    <ClCompile Include="Rat.cpp">
      <Filter>Genetic Rats\Source Files</Filter>
    </ClCompile>
    <ClCompile Include="NullCipher.cpp">
      <Filter>Crypto\Null Cipher\Source Files</Filter>
    </ClCompile>
    <ClCompile Include="Substitution.cpp">
      <Filter>Crypto\Substitution\Source Files</Filter>
    </ClCompile>
    <ClCompile Include="RailFence.cpp">
      <Filter>Crypto\RailFence\Source Files</Filter>
    </ClCompile>
    <ClCompile Include="CryptoBase.cpp">
      <Filter>Crypto\Source Files</Filter>
    </ClCompile>
    <ClCompile Include="Board.cpp">
      <Filter>BoardGames\SourceFiles</Filter>
    </ClCompile>
    <ClCompile Include="Pong.cpp">
      <Filter>Pong\Source Files</Filter>
    </ClCompile>
  </ItemGroup>
  <ItemGroup>
    <ClInclude Include="GuessTheNumber.h">
      <Filter>Header Files</Filter>
    </ClInclude>
    <ClInclude Include="GameBase.h">
      <Filter>Header Files</Filter>
    </ClInclude>
    <ClInclude Include="BlackJack.h">
      <Filter>Black Jack\Header Files</Filter>
    </ClInclude>
    <ClInclude Include="Snake.h">
      <Filter>Snake\Header Files</Filter>
    </ClInclude>
    <ClInclude Include="BeerRun.h">
      <Filter>Beer Run\Header FIles</Filter>
    </ClInclude>
    <ClInclude Include="HangMan.h">
      <Filter>HangMan\Header Files</Filter>
    </ClInclude>
    <ClInclude Include="Deck.h">
      <Filter>Black Jack\Header Files</Filter>
    </ClInclude>
    <ClInclude Include="Card.h">
      <Filter>Black Jack\Header Files</Filter>
    </ClInclude>
    <ClInclude Include="CardSuites.h">
      <Filter>Black Jack\Header Files</Filter>
    </ClInclude>
    <ClInclude Include="Psuedonym.h">
      <Filter>Header Files</Filter>
    </ClInclude>
    <ClInclude Include="Utilities.h">
      <Filter>Header Files</Filter>
    </ClInclude>
    <ClInclude Include="Palindromes.h">
      <Filter>Header Files</Filter>
    </ClInclude>
    <ClInclude Include="Anagrams.h">
      <Filter>Header Files</Filter>
    </ClInclude>
    <ClInclude Include="MonsterRats.h">
      <Filter>Genetic Rats\Header Files</Filter>
    </ClInclude>
    <ClInclude Include="RatGenders.h">
      <Filter>Genetic Rats\Header Files</Filter>
    </ClInclude>
    <ClInclude Include="MontyHall.h">
      <Filter>Monty Hall\Header Files</Filter>
    </ClInclude>
    <ClInclude Include="Rat.h">
      <Filter>Genetic Rats\Header Files</Filter>
    </ClInclude>
    <ClInclude Include="NullCipher.h">
      <Filter>Crypto\Null Cipher\Header Files</Filter>
    </ClInclude>
    <ClInclude Include="Substitution.h">
      <Filter>Crypto\Substitution\Header Files</Filter>
    </ClInclude>
    <ClInclude Include="RailFence.h">
      <Filter>Crypto\RailFence\Header Files</Filter>
    </ClInclude>
    <ClInclude Include="CryptoBase.h">
      <Filter>Crypto\Header Files</Filter>
    </ClInclude>
    <ClInclude Include="Board.h">
      <Filter>BoardGames\HeaderFiles</Filter>
    </ClInclude>
    <ClInclude Include="Pong.h">
      <Filter>Pong\Header Files</Filter>
    </ClInclude>
  </ItemGroup>
  <ItemGroup>
    <Text Include="Words.txt" />
  </ItemGroup>
</Project>